
Microsoft Visual Studio Solution File, Format Version 12.00
# Visual Studio 14
VisualStudioVersion = 14.0.24720.0
MinimumVisualStudioVersion = 10.0.40219.1
Project("{FAE04EC0-301F-11D3-BF4B-00C04F79EFBC}") = "nfc-app", "nfc-app\nfc-app.csproj", "{C1E64015-4109-48BC-87B8-F60A242937B9}"
EndProject
Global
	GlobalSection(SolutionConfigurationPlatforms) = preSolution
		Debug|Any CPU = Debug|Any CPU
		Release|Any CPU = Release|Any CPU
	EndGlobalSection
	GlobalSection(ProjectConfigurationPlatforms) = postSolution
		{C1E64015-4109-48BC-87B8-F60A242937B9}.Debug|Any CPU.ActiveCfg = Debug|Any CPU
		{C1E64015-4109-48BC-87B8-F60A242937B9}.Debug|Any CPU.Build.0 = Debug|Any CPU
		{C1E64015-4109-48BC-87B8-F60A242937B9}.Debug|Any CPU.Deploy.0 = Debug|Any CPU
		{C1E64015-4109-48BC-87B8-F60A242937B9}.Release|Any CPU.ActiveCfg = Release|Any CPU
		{C1E64015-4109-48BC-87B8-F60A242937B9}.Release|Any CPU.Build.0 = Release|Any CPU
		{C1E64015-4109-48BC-87B8-F60A242937B9}.Release|Any CPU.Deploy.0 = Release|Any CPU
	EndGlobalSection
	GlobalSection(SolutionProperties) = preSolution
		HideSolutionNode = FALSE
	EndGlobalSection
EndGlobal
